
Microsoft Visual Studio Solution File, Format Version 12.00
# Visual Studio Version 16
VisualStudioVersion = 16.0.32802.440
MinimumVisualStudioVersion = 10.0.40219.1
Project("{F184B08F-C81C-45F6-A57F-5ABD9991F28F}") = "PackageInstaller", "PackageInstaller.vbproj", "{D92F475F-A931-4CC6-9CB4-940921EA7AF9}"
EndProject
Global
	GlobalSection(SolutionConfigurationPlatforms) = preSolution
		Debug|Any CPU = Debug|Any CPU
		Release|Any CPU = Release|Any CPU
	EndGlobalSection
	GlobalSection(ProjectConfigurationPlatforms) = postSolution
		{D92F475F-A931-4CC6-9CB4-940921EA7AF9}.Debug|Any CPU.ActiveCfg = Debug|Any CPU
		{D92F475F-A931-4CC6-9CB4-940921EA7AF9}.Debug|Any CPU.Build.0 = Debug|Any CPU
		{D92F475F-A931-4CC6-9CB4-940921EA7AF9}.Release|Any CPU.ActiveCfg = Release|Any CPU
		{D92F475F-A931-4CC6-9CB4-940921EA7AF9}.Release|Any CPU.Build.0 = Release|Any CPU
	EndGlobalSection
	GlobalSection(SolutionProperties) = preSolution
		HideSolutionNode = FALSE
	EndGlobalSection
	GlobalSection(ExtensibilityGlobals) = postSolution
		SolutionGuid = {8677592B-1A33-42ED-8CB7-D68725438810}
	EndGlobalSection
EndGlobal
